// !$*UTF8*$!
{
	archiveVersion = 1;
	classes = {
	};
	objectVersion = 46;
	objects = {

/* Begin PBXBuildFile section */
		3D1996591ACB40FB0057CD72 /* MenuScene.swift in Sources */ = {isa = PBXBuildFile; fileRef = 3D1996581ACB40FB0057CD72 /* MenuScene.swift */; };
		3D1F7F7C1ABC88F000061DE9 /* AppDelegate.swift in Sources */ = {isa = PBXBuildFile; fileRef = 3D1F7F7B1ABC88F000061DE9 /* AppDelegate.swift */; };
		3D1F7F7E1ABC88F100061DE9 /* ViewController.swift in Sources */ = {isa = PBXBuildFile; fileRef = 3D1F7F7D1ABC88F100061DE9 /* ViewController.swift */; };
		3D1F7F811ABC88F100061DE9 /* Main.storyboard in Resources */ = {isa = PBXBuildFile; fileRef = 3D1F7F7F1ABC88F100061DE9 /* Main.storyboard */; };
		3D1F7F831ABC88F300061DE9 /* Images.xcassets in Resources */ = {isa = PBXBuildFile; fileRef = 3D1F7F821ABC88F300061DE9 /* Images.xcassets */; };
		3D1F7F861ABC88F300061DE9 /* LaunchScreen.xib in Resources */ = {isa = PBXBuildFile; fileRef = 3D1F7F841ABC88F300061DE9 /* LaunchScreen.xib */; };
		3D1F7F921ABC88F400061DE9 /* ThinkDifferentTests.swift in Sources */ = {isa = PBXBuildFile; fileRef = 3D1F7F911ABC88F400061DE9 /* ThinkDifferentTests.swift */; };
		3D2DFD5F1ADC9A8C005D9F07 /* Atari Classic Chunky in Resources */ = {isa = PBXBuildFile; fileRef = 3D2DFD5E1ADC9A8C005D9F07 /* Atari Classic Chunky */; };
		3D41F1021ACF27F800E832C9 /* backdrop@2x.png in Resources */ = {isa = PBXBuildFile; fileRef = 3D41F1011ACF27F800E832C9 /* backdrop@2x.png */; };
		3D6D71931ACDB9EA0080DBB8 /* crash.caf in Resources */ = {isa = PBXBuildFile; fileRef = 3D6D71921ACDB9EA0080DBB8 /* crash.caf */; };
		3D8A637A1ACDE84F00AE50A6 /* bump.caf in Resources */ = {isa = PBXBuildFile; fileRef = 3D8A63791ACDE84F00AE50A6 /* bump.caf */; };
		3D8A637E1ACDEA3700AE50A6 /* ch1@2x.png in Resources */ = {isa = PBXBuildFile; fileRef = 3D8A637B1ACDEA3700AE50A6 /* ch1@2x.png */; };
		3D8A637F1ACDEA3700AE50A6 /* ch2@2x.png in Resources */ = {isa = PBXBuildFile; fileRef = 3D8A637C1ACDEA3700AE50A6 /* ch2@2x.png */; };
		3D8A63801ACDEA3700AE50A6 /* ch3@2x.png in Resources */ = {isa = PBXBuildFile; fileRef = 3D8A637D1ACDEA3700AE50A6 /* ch3@2x.png */; };
		3D8A63831ACDFF5700AE50A6 /* select.caf in Resources */ = {isa = PBXBuildFile; fileRef = 3D8A63821ACDFF5700AE50A6 /* select.caf */; };
		3D936C261AD9F22D00A73E69 /* Joystick.m in Sources */ = {isa = PBXBuildFile; fileRef = 3D936C241AD9F22D00A73E69 /* Joystick.m */; };
		3D936C271AD9F22D00A73E69 /* README.md in Sources */ = {isa = PBXBuildFile; fileRef = 3D936C251AD9F22D00A73E69 /* README.md */; };
		3DBCD8D81ACCB08000149E99 /* prstart.ttf in Resources */ = {isa = PBXBuildFile; fileRef = 3DBCD8D61ACC99BA00149E99 /* prstart.ttf */; };
		3DC02F491C547F02009D5340 /* Global.swift in Sources */ = {isa = PBXBuildFile; fileRef = 3DC02F481C547F02009D5340 /* Global.swift */; };
		3DC02F4D1C54812E009D5340 /* SoundManager.swift in Sources */ = {isa = PBXBuildFile; fileRef = 3DC02F4C1C54812E009D5340 /* SoundManager.swift */; };
		3DC02F4F1C548A29009D5340 /* blizzsound.aiff in Resources */ = {isa = PBXBuildFile; fileRef = 3DC02F4E1C548A29009D5340 /* blizzsound.aiff */; };
		3DC02F511C549291009D5340 /* NewMenuScene.swift in Sources */ = {isa = PBXBuildFile; fileRef = 3DC02F501C549291009D5340 /* NewMenuScene.swift */; };
		3DCD9C661AD565E800BDCD56 /* thumb@2x.png in Resources */ = {isa = PBXBuildFile; fileRef = 3DCD9C651AD565E800BDCD56 /* thumb@2x.png */; };
		3DE3BD381ABCAE0300777F01 /* SpriteKit.framework in Frameworks */ = {isa = PBXBuildFile; fileRef = 3DE3BD371ABCAE0300777F01 /* SpriteKit.framework */; };
		3DE3BD3A1ABCAE3A00777F01 /* SinglePlayerScene.swift in Sources */ = {isa = PBXBuildFile; fileRef = 3DE3BD391ABCAE3A00777F01 /* SinglePlayerScene.swift */; };
/* End PBXBuildFile section */

/* Begin PBXContainerItemProxy section */
		3D1F7F8C1ABC88F300061DE9 /* PBXContainerItemProxy */ = {
			isa = PBXContainerItemProxy;
			containerPortal = 3D1F7F6E1ABC88EC00061DE9 /* Project object */;
			proxyType = 1;
			remoteGlobalIDString = 3D1F7F751ABC88EC00061DE9;
			remoteInfo = ThinkDifferent;
		};
/* End PBXContainerItemProxy section */

/* Begin PBXFileReference section */
		3D1996581ACB40FB0057CD72 /* MenuScene.swift */ = {isa = PBXFileReference; fileEncoding = 4; lastKnownFileType = sourcecode.swift; path = MenuScene.swift; sourceTree = "<group>"; };
		3D1F7F761ABC88ED00061DE9 /* Blizzard.app */ = {isa = PBXFileReference; explicitFileType = wrapper.application; includeInIndex = 0; path = Blizzard.app; sourceTree = BUILT_PRODUCTS_DIR; };
		3D1F7F7A1ABC88EF00061DE9 /* Info.plist */ = {isa = PBXFileReference; lastKnownFileType = text.plist.xml; path = Info.plist; sourceTree = "<group>"; };
		3D1F7F7B1ABC88F000061DE9 /* AppDelegate.swift */ = {isa = PBXFileReference; lastKnownFileType = sourcecode.swift; path = AppDelegate.swift; sourceTree = "<group>"; };
		3D1F7F7D1ABC88F100061DE9 /* ViewController.swift */ = {isa = PBXFileReference; lastKnownFileType = sourcecode.swift; path = ViewController.swift; sourceTree = "<group>"; tabWidth = 4; };
		3D1F7F801ABC88F100061DE9 /* Base */ = {isa = PBXFileReference; lastKnownFileType = file.storyboard; name = Base; path = Base.lproj/Main.storyboard; sourceTree = "<group>"; };
		3D1F7F821ABC88F300061DE9 /* Images.xcassets */ = {isa = PBXFileReference; lastKnownFileType = folder.assetcatalog; path = Images.xcassets; sourceTree = "<group>"; };
		3D1F7F851ABC88F300061DE9 /* Base */ = {isa = PBXFileReference; lastKnownFileType = file.xib; name = Base; path = Base.lproj/LaunchScreen.xib; sourceTree = "<group>"; };
		3D1F7F8B1ABC88F300061DE9 /* Blizzard.xctest */ = {isa = PBXFileReference; explicitFileType = wrapper.cfbundle; includeInIndex = 0; path = Blizzard.xctest; sourceTree = BUILT_PRODUCTS_DIR; };
		3D1F7F901ABC88F400061DE9 /* Info.plist */ = {isa = PBXFileReference; lastKnownFileType = text.plist.xml; path = Info.plist; sourceTree = "<group>"; };
		3D1F7F911ABC88F400061DE9 /* ThinkDifferentTests.swift */ = {isa = PBXFileReference; lastKnownFileType = sourcecode.swift; path = ThinkDifferentTests.swift; sourceTree = "<group>"; };
		3D2DFD5E1ADC9A8C005D9F07 /* Atari Classic Chunky */ = {isa = PBXFileReference; lastKnownFileType = folder; path = "Atari Classic Chunky"; sourceTree = "<group>"; };
		3D41F1011ACF27F800E832C9 /* backdrop@2x.png */ = {isa = PBXFileReference; lastKnownFileType = image.png; path = "backdrop@2x.png"; sourceTree = "<group>"; };
		3D6D71921ACDB9EA0080DBB8 /* crash.caf */ = {isa = PBXFileReference; lastKnownFileType = file; path = crash.caf; sourceTree = "<group>"; };
		3D8A63791ACDE84F00AE50A6 /* bump.caf */ = {isa = PBXFileReference; lastKnownFileType = file; path = bump.caf; sourceTree = "<group>"; };
		3D8A637B1ACDEA3700AE50A6 /* ch1@2x.png */ = {isa = PBXFileReference; lastKnownFileType = image.png; path = "ch1@2x.png"; sourceTree = "<group>"; };
		3D8A637C1ACDEA3700AE50A6 /* ch2@2x.png */ = {isa = PBXFileReference; lastKnownFileType = image.png; path = "ch2@2x.png"; sourceTree = "<group>"; };
		3D8A637D1ACDEA3700AE50A6 /* ch3@2x.png */ = {isa = PBXFileReference; lastKnownFileType = image.png; path = "ch3@2x.png"; sourceTree = "<group>"; };
		3D8A63821ACDFF5700AE50A6 /* select.caf */ = {isa = PBXFileReference; lastKnownFileType = file; path = select.caf; sourceTree = "<group>"; };
		3D936C221AD9F22A00A73E69 /* ThinkDifferent-Bridging-Header.h */ = {isa = PBXFileReference; lastKnownFileType = sourcecode.c.h; path = "ThinkDifferent-Bridging-Header.h"; sourceTree = "<group>"; };
		3D936C231AD9F22D00A73E69 /* Joystick.h */ = {isa = PBXFileReference; fileEncoding = 4; lastKnownFileType = sourcecode.c.h; path = Joystick.h; sourceTree = "<group>"; };
		3D936C241AD9F22D00A73E69 /* Joystick.m */ = {isa = PBXFileReference; fileEncoding = 4; lastKnownFileType = sourcecode.c.objc; path = Joystick.m; sourceTree = "<group>"; };
		3D936C251AD9F22D00A73E69 /* README.md */ = {isa = PBXFileReference; fileEncoding = 4; lastKnownFileType = net.daringfireball.markdown; path = README.md; sourceTree = "<group>"; };
		3DBCD8D61ACC99BA00149E99 /* prstart.ttf */ = {isa = PBXFileReference; lastKnownFileType = file; path = prstart.ttf; sourceTree = "<group>"; };
		3DC02F481C547F02009D5340 /* Global.swift */ = {isa = PBXFileReference; fileEncoding = 4; lastKnownFileType = sourcecode.swift; path = Global.swift; sourceTree = "<group>"; };
		3DC02F4C1C54812E009D5340 /* SoundManager.swift */ = {isa = PBXFileReference; fileEncoding = 4; lastKnownFileType = sourcecode.swift; name = SoundManager.swift; path = ../SoundManager.swift; sourceTree = "<group>"; };
		3DC02F4E1C548A29009D5340 /* blizzsound.aiff */ = {isa = PBXFileReference; lastKnownFileType = audio.aiff; path = blizzsound.aiff; sourceTree = "<group>"; };
		3DC02F501C549291009D5340 /* NewMenuScene.swift */ = {isa = PBXFileReference; fileEncoding = 4; lastKnownFileType = sourcecode.swift; path = NewMenuScene.swift; sourceTree = "<group>"; };
		3DCD9C651AD565E800BDCD56 /* thumb@2x.png */ = {isa = PBXFileReference; lastKnownFileType = image.png; path = "thumb@2x.png"; sourceTree = "<group>"; };
		3DE3BD371ABCAE0300777F01 /* SpriteKit.framework */ = {isa = PBXFileReference; lastKnownFileType = wrapper.framework; name = SpriteKit.framework; path = System/Library/Frameworks/SpriteKit.framework; sourceTree = SDKROOT; };
		3DE3BD391ABCAE3A00777F01 /* SinglePlayerScene.swift */ = {isa = PBXFileReference; fileEncoding = 4; lastKnownFileType = sourcecode.swift; path = SinglePlayerScene.swift; sourceTree = "<group>"; };
/* End PBXFileReference section */

/* Begin PBXFrameworksBuildPhase section */
		3D1F7F731ABC88EC00061DE9 /* Frameworks */ = {
			isa = PBXFrameworksBuildPhase;
			buildActionMask = 2147483647;
			files = (
				3DE3BD381ABCAE0300777F01 /* SpriteKit.framework in Frameworks */,
			);
			runOnlyForDeploymentPostprocessing = 0;
		};
		3D1F7F881ABC88F300061DE9 /* Frameworks */ = {
			isa = PBXFrameworksBuildPhase;
			buildActionMask = 2147483647;
			files = (
			);
			runOnlyForDeploymentPostprocessing = 0;
		};
/* End PBXFrameworksBuildPhase section */

/* Begin PBXGroup section */
		3D1F7F6D1ABC88EC00061DE9 = {
			isa = PBXGroup;
			children = (
				3DE3BD371ABCAE0300777F01 /* SpriteKit.framework */,
				3D1F7F781ABC88ED00061DE9 /* ThinkDifferent */,
				3D1F7F8E1ABC88F400061DE9 /* ThinkDifferentTests */,
				3D1F7F771ABC88ED00061DE9 /* Products */,
			);
			sourceTree = "<group>";
		};
		3D1F7F771ABC88ED00061DE9 /* Products */ = {
			isa = PBXGroup;
			children = (
				3D1F7F761ABC88ED00061DE9 /* Blizzard.app */,
				3D1F7F8B1ABC88F300061DE9 /* Blizzard.xctest */,
			);
			name = Products;
			sourceTree = "<group>";
		};
		3D1F7F781ABC88ED00061DE9 /* ThinkDifferent */ = {
			isa = PBXGroup;
			children = (
				3DBB72861C4BE5BC00E49741 /* Joystick */,
				3D2DFD5E1ADC9A8C005D9F07 /* Atari Classic Chunky */,
				3D1F7F7B1ABC88F000061DE9 /* AppDelegate.swift */,
				3DC02F481C547F02009D5340 /* Global.swift */,
				3DC02F4C1C54812E009D5340 /* SoundManager.swift */,
				3D1F7F7D1ABC88F100061DE9 /* ViewController.swift */,
				3D1F7F7F1ABC88F100061DE9 /* Main.storyboard */,
				3D1996581ACB40FB0057CD72 /* MenuScene.swift */,
				3DC02F501C549291009D5340 /* NewMenuScene.swift */,
				3DE3BD391ABCAE3A00777F01 /* SinglePlayerScene.swift */,
				3D1F7F821ABC88F300061DE9 /* Images.xcassets */,
				3D1F7F841ABC88F300061DE9 /* LaunchScreen.xib */,
				3DC02F4E1C548A29009D5340 /* blizzsound.aiff */,
				3D8A63821ACDFF5700AE50A6 /* select.caf */,
				3D8A63791ACDE84F00AE50A6 /* bump.caf */,
				3D6D71921ACDB9EA0080DBB8 /* crash.caf */,
				3D41F1011ACF27F800E832C9 /* backdrop@2x.png */,
				3DCD9C651AD565E800BDCD56 /* thumb@2x.png */,
				3DBCD8D51ACC99BA00149E99 /* Press Start */,
				3D8A63811ACDEB2C00AE50A6 /* character */,
				3D1F7F791ABC88EF00061DE9 /* Supporting Files */,
				3D936C221AD9F22A00A73E69 /* ThinkDifferent-Bridging-Header.h */,
			);
			path = ThinkDifferent;
			sourceTree = "<group>";
		};
		3D1F7F791ABC88EF00061DE9 /* Supporting Files */ = {
			isa = PBXGroup;
			children = (
				3D1F7F7A1ABC88EF00061DE9 /* Info.plist */,
			);
			name = "Supporting Files";
			sourceTree = "<group>";
		};
		3D1F7F8E1ABC88F400061DE9 /* ThinkDifferentTests */ = {
			isa = PBXGroup;
			children = (
				3D1F7F911ABC88F400061DE9 /* ThinkDifferentTests.swift */,
				3D1F7F8F1ABC88F400061DE9 /* Supporting Files */,
			);
			path = ThinkDifferentTests;
			sourceTree = "<group>";
		};
		3D1F7F8F1ABC88F400061DE9 /* Supporting Files */ = {
			isa = PBXGroup;
			children = (
				3D1F7F901ABC88F400061DE9 /* Info.plist */,
			);
			name = "Supporting Files";
			sourceTree = "<group>";
		};
		3D8A63811ACDEB2C00AE50A6 /* character */ = {
			isa = PBXGroup;
			children = (
				3D8A637B1ACDEA3700AE50A6 /* ch1@2x.png */,
				3D8A637C1ACDEA3700AE50A6 /* ch2@2x.png */,
				3D8A637D1ACDEA3700AE50A6 /* ch3@2x.png */,
			);
			name = character;
			sourceTree = "<group>";
		};
		3DBB72861C4BE5BC00E49741 /* Joystick */ = {
			isa = PBXGroup;
			children = (
				3D936C231AD9F22D00A73E69 /* Joystick.h */,
				3D936C241AD9F22D00A73E69 /* Joystick.m */,
				3D936C251AD9F22D00A73E69 /* README.md */,
			);
			name = Joystick;
			sourceTree = "<group>";
		};
		3DBCD8D51ACC99BA00149E99 /* Press Start */ = {
			isa = PBXGroup;
			children = (
				3DBCD8D61ACC99BA00149E99 /* prstart.ttf */,
			);
			path = "Press Start";
			sourceTree = "<group>";
		};
/* End PBXGroup section */

/* Begin PBXNativeTarget section */
		3D1F7F751ABC88EC00061DE9 /* Blizzard */ = {
			isa = PBXNativeTarget;
			buildConfigurationList = 3D1F7F951ABC88F400061DE9 /* Build configuration list for PBXNativeTarget "Blizzard" */;
			buildPhases = (
				3D1F7F721ABC88EC00061DE9 /* Sources */,
				3D1F7F731ABC88EC00061DE9 /* Frameworks */,
				3D1F7F741ABC88EC00061DE9 /* Resources */,
			);
			buildRules = (
			);
			dependencies = (
			);
			name = Blizzard;
			productName = ThinkDifferent;
			productReference = 3D1F7F761ABC88ED00061DE9 /* Blizzard.app */;
			productType = "com.apple.product-type.application";
		};
		3D1F7F8A1ABC88F300061DE9 /* BlizzardTests */ = {
			isa = PBXNativeTarget;
			buildConfigurationList = 3D1F7F981ABC88F400061DE9 /* Build configuration list for PBXNativeTarget "BlizzardTests" */;
			buildPhases = (
				3D1F7F871ABC88F300061DE9 /* Sources */,
				3D1F7F881ABC88F300061DE9 /* Frameworks */,
				3D1F7F891ABC88F300061DE9 /* Resources */,
			);
			buildRules = (
			);
			dependencies = (
				3D1F7F8D1ABC88F300061DE9 /* PBXTargetDependency */,
			);
			name = BlizzardTests;
			productName = ThinkDifferentTests;
			productReference = 3D1F7F8B1ABC88F300061DE9 /* Blizzard.xctest */;
			productType = "com.apple.product-type.bundle.unit-test";
		};
/* End PBXNativeTarget section */

/* Begin PBXProject section */
		3D1F7F6E1ABC88EC00061DE9 /* Project object */ = {
			isa = PBXProject;
			attributes = {
				LastSwiftMigration = 0720;
				LastSwiftUpdateCheck = 0720;
				LastUpgradeCheck = 0720;
				ORGANIZATIONNAME = "omar alejel";
				TargetAttributes = {
					3D1F7F751ABC88EC00061DE9 = {
						CreatedOnToolsVersion = 6.2;
						DevelopmentTeam = FNU3YT2Q2N;
					};
					3D1F7F8A1ABC88F300061DE9 = {
						CreatedOnToolsVersion = 6.2;
						DevelopmentTeam = FNU3YT2Q2N;
						TestTargetID = 3D1F7F751ABC88EC00061DE9;
					};
				};
			};
			buildConfigurationList = 3D1F7F711ABC88EC00061DE9 /* Build configuration list for PBXProject "Blizzard" */;
			compatibilityVersion = "Xcode 3.2";
			developmentRegion = English;
			hasScannedForEncodings = 0;
			knownRegions = (
				en,
				Base,
			);
			mainGroup = 3D1F7F6D1ABC88EC00061DE9;
			productRefGroup = 3D1F7F771ABC88ED00061DE9 /* Products */;
			projectDirPath = "";
			projectRoot = "";
			targets = (
				3D1F7F751ABC88EC00061DE9 /* Blizzard */,
				3D1F7F8A1ABC88F300061DE9 /* BlizzardTests */,
			);
		};
/* End PBXProject section */

/* Begin PBXResourcesBuildPhase section */
		3D1F7F741ABC88EC00061DE9 /* Resources */ = {
			isa = PBXResourcesBuildPhase;
			buildActionMask = 2147483647;
			files = (
				3D8A63801ACDEA3700AE50A6 /* ch3@2x.png in Resources */,
				3D8A637A1ACDE84F00AE50A6 /* bump.caf in Resources */,
				3DBCD8D81ACCB08000149E99 /* prstart.ttf in Resources */,
				3DCD9C661AD565E800BDCD56 /* thumb@2x.png in Resources */,
				3D2DFD5F1ADC9A8C005D9F07 /* Atari Classic Chunky in Resources */,
				3D41F1021ACF27F800E832C9 /* backdrop@2x.png in Resources */,
				3D8A637E1ACDEA3700AE50A6 /* ch1@2x.png in Resources */,
				3DC02F4F1C548A29009D5340 /* blizzsound.aiff in Resources */,
				3D8A63831ACDFF5700AE50A6 /* select.caf in Resources */,
				3D6D71931ACDB9EA0080DBB8 /* crash.caf in Resources */,
				3D1F7F811ABC88F100061DE9 /* Main.storyboard in Resources */,
				3D1F7F861ABC88F300061DE9 /* LaunchScreen.xib in Resources */,
				3D1F7F831ABC88F300061DE9 /* Images.xcassets in Resources */,
				3D8A637F1ACDEA3700AE50A6 /* ch2@2x.png in Resources */,
			);
			runOnlyForDeploymentPostprocessing = 0;
		};
		3D1F7F891ABC88F300061DE9 /* Resources */ = {
			isa = PBXResourcesBuildPhase;
			buildActionMask = 2147483647;
			files = (
			);
			runOnlyForDeploymentPostprocessing = 0;
		};
/* End PBXResourcesBuildPhase section */

/* Begin PBXSourcesBuildPhase section */
		3D1F7F721ABC88EC00061DE9 /* Sources */ = {
			isa = PBXSourcesBuildPhase;
			buildActionMask = 2147483647;
			files = (
				3D936C271AD9F22D00A73E69 /* README.md in Sources */,
				3DC02F4D1C54812E009D5340 /* SoundManager.swift in Sources */,
				3D936C261AD9F22D00A73E69 /* Joystick.m in Sources */,
				3DE3BD3A1ABCAE3A00777F01 /* SinglePlayerScene.swift in Sources */,
				3D1996591ACB40FB0057CD72 /* MenuScene.swift in Sources */,
				3D1F7F7E1ABC88F100061DE9 /* ViewController.swift in Sources */,
				3D1F7F7C1ABC88F000061DE9 /* AppDelegate.swift in Sources */,
				3DC02F491C547F02009D5340 /* Global.swift in Sources */,
				3DC02F511C549291009D5340 /* NewMenuScene.swift in Sources */,
			);
			runOnlyForDeploymentPostprocessing = 0;
		};
		3D1F7F871ABC88F300061DE9 /* Sources */ = {
			isa = PBXSourcesBuildPhase;
			buildActionMask = 2147483647;
			files = (
				3D1F7F921ABC88F400061DE9 /* ThinkDifferentTests.swift in Sources */,
			);
			runOnlyForDeploymentPostprocessing = 0;
		};
/* End PBXSourcesBuildPhase section */

/* Begin PBXTargetDependency section */
		3D1F7F8D1ABC88F300061DE9 /* PBXTargetDependency */ = {
			isa = PBXTargetDependency;
			target = 3D1F7F751ABC88EC00061DE9 /* Blizzard */;
			targetProxy = 3D1F7F8C1ABC88F300061DE9 /* PBXContainerItemProxy */;
		};
/* End PBXTargetDependency section */

/* Begin PBXVariantGroup section */
		3D1F7F7F1ABC88F100061DE9 /* Main.storyboard */ = {
			isa = PBXVariantGroup;
			children = (
				3D1F7F801ABC88F100061DE9 /* Base */,
			);
			name = Main.storyboard;
			sourceTree = "<group>";
		};
		3D1F7F841ABC88F300061DE9 /* LaunchScreen.xib */ = {
			isa = PBXVariantGroup;
			children = (
				3D1F7F851ABC88F300061DE9 /* Base */,
			);
			name = LaunchScreen.xib;
			sourceTree = "<group>";
		};
/* End PBXVariantGroup section */

/* Begin XCBuildConfiguration section */
		3D1F7F931ABC88F400061DE9 /* Debug */ = {
			isa = XCBuildConfiguration;
			buildSettings = {
				ALWAYS_SEARCH_USER_PATHS = NO;
				CLANG_CXX_LANGUAGE_STANDARD = "gnu++0x";
				CLANG_CXX_LIBRARY = "libc++";
				CLANG_ENABLE_MODULES = YES;
				CLANG_ENABLE_OBJC_ARC = YES;
				CLANG_WARN_BOOL_CONVERSION = YES;
				CLANG_WARN_CONSTANT_CONVERSION = YES;
				CLANG_WARN_DIRECT_OBJC_ISA_USAGE = YES_ERROR;
				CLANG_WARN_EMPTY_BODY = YES;
				CLANG_WARN_ENUM_CONVERSION = YES;
				CLANG_WARN_INT_CONVERSION = YES;
				CLANG_WARN_OBJC_ROOT_CLASS = YES_ERROR;
				CLANG_WARN_UNREACHABLE_CODE = YES;
				CLANG_WARN__DUPLICATE_METHOD_MATCH = YES;
				"CODE_SIGN_IDENTITY[sdk=iphoneos*]" = "iPhone Developer";
				COPY_PHASE_STRIP = NO;
				ENABLE_STRICT_OBJC_MSGSEND = YES;
				ENABLE_TESTABILITY = YES;
				GCC_C_LANGUAGE_STANDARD = gnu99;
				GCC_DYNAMIC_NO_PIC = NO;
				GCC_OPTIMIZATION_LEVEL = 0;
				GCC_PREPROCESSOR_DEFINITIONS = (
					"DEBUG=1",
					"$(inherited)",
				);
				GCC_SYMBOLS_PRIVATE_EXTERN = NO;
				GCC_WARN_64_TO_32_BIT_CONVERSION = YES;
				GCC_WARN_ABOUT_RETURN_TYPE = YES_ERROR;
				GCC_WARN_UNDECLARED_SELECTOR = YES;
				GCC_WARN_UNINITIALIZED_AUTOS = YES_AGGRESSIVE;
				GCC_WARN_UNUSED_FUNCTION = YES;
				GCC_WARN_UNUSED_VARIABLE = YES;
				IPHONEOS_DEPLOYMENT_TARGET = 7.0;
				MTL_ENABLE_DEBUG_INFO = YES;
				ONLY_ACTIVE_ARCH = YES;
				SDKROOT = iphoneos;
				SWIFT_OPTIMIZATION_LEVEL = "-Onone";
				TARGETED_DEVICE_FAMILY = "1,2";
			};
			name = Debug;
		};
		3D1F7F941ABC88F400061DE9 /* Release */ = {
			isa = XCBuildConfiguration;
			buildSettings = {
				ALWAYS_SEARCH_USER_PATHS = NO;
				CLANG_CXX_LANGUAGE_STANDARD = "gnu++0x";
				CLANG_CXX_LIBRARY = "libc++";
				CLANG_ENABLE_MODULES = YES;
				CLANG_ENABLE_OBJC_ARC = YES;
				CLANG_WARN_BOOL_CONVERSION = YES;
				CLANG_WARN_CONSTANT_CONVERSION = YES;
				CLANG_WARN_DIRECT_OBJC_ISA_USAGE = YES_ERROR;
				CLANG_WARN_EMPTY_BODY = YES;
				CLANG_WARN_ENUM_CONVERSION = YES;
				CLANG_WARN_INT_CONVERSION = YES;
				CLANG_WARN_OBJC_ROOT_CLASS = YES_ERROR;
				CLANG_WARN_UNREACHABLE_CODE = YES;
				CLANG_WARN__DUPLICATE_METHOD_MATCH = YES;
				"CODE_SIGN_IDENTITY[sdk=iphoneos*]" = "iPhone Developer";
				COPY_PHASE_STRIP = NO;
				ENABLE_NS_ASSERTIONS = NO;
				ENABLE_STRICT_OBJC_MSGSEND = YES;
				GCC_C_LANGUAGE_STANDARD = gnu99;
				GCC_WARN_64_TO_32_BIT_CONVERSION = YES;
				GCC_WARN_ABOUT_RETURN_TYPE = YES_ERROR;
				GCC_WARN_UNDECLARED_SELECTOR = YES;
				GCC_WARN_UNINITIALIZED_AUTOS = YES_AGGRESSIVE;
				GCC_WARN_UNUSED_FUNCTION = YES;
				GCC_WARN_UNUSED_VARIABLE = YES;
				IPHONEOS_DEPLOYMENT_TARGET = 7.0;
				MTL_ENABLE_DEBUG_INFO = NO;
				SDKROOT = iphoneos;
				TARGETED_DEVICE_FAMILY = "1,2";
				VALIDATE_PRODUCT = YES;
			};
			name = Release;
		};
		3D1F7F961ABC88F400061DE9 /* Debug */ = {
			isa = XCBuildConfiguration;
			buildSettings = {
				ASSETCATALOG_COMPILER_APPICON_NAME = AppIcon;
				ASSETCATALOG_COMPILER_LAUNCHIMAGE_NAME = LaunchImage;
				CLANG_ENABLE_MODULES = YES;
				CODE_SIGN_IDENTITY = "iPhone Developer";
				"CODE_SIGN_IDENTITY[sdk=iphoneos*]" = "iPhone Developer";
				INFOPLIST_FILE = ThinkDifferent/Info.plist;
				IPHONEOS_DEPLOYMENT_TARGET = 8.0;
				LD_RUNPATH_SEARCH_PATHS = "$(inherited) @executable_path/Frameworks";
				PRODUCT_BUNDLE_IDENTIFIER = "com.alejel.$(PRODUCT_NAME:rfc1034identifier)";
				PRODUCT_NAME = Blizzard;
				PROVISIONING_PROFILE = "";
				SWIFT_OBJC_BRIDGING_HEADER = "ThinkDifferent/ThinkDifferent-Bridging-Header.h";
				SWIFT_OPTIMIZATION_LEVEL = "-Onone";
				TARGETED_DEVICE_FAMILY = 1;
			};
			name = Debug;
		};
		3D1F7F971ABC88F400061DE9 /* Release */ = {
			isa = XCBuildConfiguration;
			buildSettings = {
				ASSETCATALOG_COMPILER_APPICON_NAME = AppIcon;
				ASSETCATALOG_COMPILER_LAUNCHIMAGE_NAME = LaunchImage;
				CLANG_ENABLE_MODULES = YES;
				CODE_SIGN_IDENTITY = "iPhone Developer";
				"CODE_SIGN_IDENTITY[sdk=iphoneos*]" = "iPhone Developer";
				INFOPLIST_FILE = ThinkDifferent/Info.plist;
				IPHONEOS_DEPLOYMENT_TARGET = 8.0;
				LD_RUNPATH_SEARCH_PATHS = "$(inherited) @executable_path/Frameworks";
				PRODUCT_BUNDLE_IDENTIFIER = "com.alejel.$(PRODUCT_NAME:rfc1034identifier)";
				PRODUCT_NAME = Blizzard;
				PROVISIONING_PROFILE = "";
				SWIFT_OBJC_BRIDGING_HEADER = "ThinkDifferent/ThinkDifferent-Bridging-Header.h";
				TARGETED_DEVICE_FAMILY = 1;
			};
			name = Release;
		};
		3D1F7F991ABC88F400061DE9 /* Debug */ = {
			isa = XCBuildConfiguration;
			buildSettings = {
				BUNDLE_LOADER = "$(TEST_HOST)";
				CODE_SIGN_IDENTITY = "iPhone Developer";
				"CODE_SIGN_IDENTITY[sdk=iphoneos*]" = "iPhone Developer";
				FRAMEWORK_SEARCH_PATHS = (
					"$(SDKROOT)/Developer/Library/Frameworks",
					"$(inherited)",
				);
				GCC_PREPROCESSOR_DEFINITIONS = (
					"DEBUG=1",
					"$(inherited)",
				);
				INFOPLIST_FILE = ThinkDifferentTests/Info.plist;
				LD_RUNPATH_SEARCH_PATHS = "$(inherited) @executable_path/Frameworks @loader_path/Frameworks";
				PRODUCT_BUNDLE_IDENTIFIER = "com.alejel.$(PRODUCT_NAME:rfc1034identifier)";
				PRODUCT_NAME = Blizzard;
				PROVISIONING_PROFILE = "";
				TEST_HOST = "$(BUILT_PRODUCTS_DIR)/Blizzard.app/Blizzard";
			};
			name = Debug;
		};
		3D1F7F9A1ABC88F400061DE9 /* Release */ = {
			isa = XCBuildConfiguration;
			buildSettings = {
				BUNDLE_LOADER = "$(TEST_HOST)";
				CODE_SIGN_IDENTITY = "iPhone Developer";
				"CODE_SIGN_IDENTITY[sdk=iphoneos*]" = "iPhone Developer";
				FRAMEWORK_SEARCH_PATHS = (
					"$(SDKROOT)/Developer/Library/Frameworks",
					"$(inherited)",
				);
				INFOPLIST_FILE = ThinkDifferentTests/Info.plist;
				LD_RUNPATH_SEARCH_PATHS = "$(inherited) @executable_path/Frameworks @loader_path/Frameworks";
				PRODUCT_BUNDLE_IDENTIFIER = "com.alejel.$(PRODUCT_NAME:rfc1034identifier)";
				PRODUCT_NAME = Blizzard;
				PROVISIONING_PROFILE = "";
				TEST_HOST = "$(BUILT_PRODUCTS_DIR)/Blizzard.app/Blizzard";
			};
			name = Release;
		};
/* End XCBuildConfiguration section */

/* Begin XCConfigurationList section */
		3D1F7F711ABC88EC00061DE9 /* Build configuration list for PBXProject "Blizzard" */ = {
			isa = XCConfigurationList;
			buildConfigurations = (
				3D1F7F931ABC88F400061DE9 /* Debug */,
				3D1F7F941ABC88F400061DE9 /* Release */,
			);
			defaultConfigurationIsVisible = 0;
			defaultConfigurationName = Release;
		};
		3D1F7F951ABC88F400061DE9 /* Build configuration list for PBXNativeTarget "Blizzard" */ = {
			isa = XCConfigurationList;
			buildConfigurations = (
				3D1F7F961ABC88F400061DE9 /* Debug */,
				3D1F7F971ABC88F400061DE9 /* Release */,
			);
			defaultConfigurationIsVisible = 0;
			defaultConfigurationName = Release;
		};
		3D1F7F981ABC88F400061DE9 /* Build configuration list for PBXNativeTarget "BlizzardTests" */ = {
			isa = XCConfigurationList;
			buildConfigurations = (
				3D1F7F991ABC88F400061DE9 /* Debug */,
				3D1F7F9A1ABC88F400061DE9 /* Release */,
			);
			defaultConfigurationIsVisible = 0;
			defaultConfigurationName = Release;
		};
/* End XCConfigurationList section */
	};
	rootObject = 3D1F7F6E1ABC88EC00061DE9 /* Project object */;
}
